
Microsoft Visual Studio Solution File, Format Version 12.00
# Visual Studio Version 17
VisualStudioVersion = 17.5.002.0
MinimumVisualStudioVersion = 10.0.40219.1
Project("{9A19103F-16F7-4668-BE54-9A1E7A4F7556}") = "Helper_methods", "Helper_methods.csproj", "{3C866823-D276-4710-A660-2C3D6F7E4239}"
EndProject
Global
	GlobalSection(SolutionConfigurationPlatforms) = preSolution
		Debug|Any CPU = Debug|Any CPU
		Release|Any CPU = Release|Any CPU
	EndGlobalSection
	GlobalSection(ProjectConfigurationPlatforms) = postSolution
		{3C866823-D276-4710-A660-2C3D6F7E4239}.Debug|Any CPU.ActiveCfg = Debug|Any CPU
		{3C866823-D276-4710-A660-2C3D6F7E4239}.Debug|Any CPU.Build.0 = Debug|Any CPU
		{3C866823-D276-4710-A660-2C3D6F7E4239}.Release|Any CPU.ActiveCfg = Release|Any CPU
		{3C866823-D276-4710-A660-2C3D6F7E4239}.Release|Any CPU.Build.0 = Release|Any CPU
	EndGlobalSection
	GlobalSection(SolutionProperties) = preSolution
		HideSolutionNode = FALSE
	EndGlobalSection
	GlobalSection(ExtensibilityGlobals) = postSolution
		SolutionGuid = {FF074776-408D-432C-ACF6-E2D99D0464F5}
	EndGlobalSection
EndGlobal
