
Microsoft Visual Studio Solution File, Format Version 12.00
# Visual Studio Version 17
VisualStudioVersion = 17.5.002.0
MinimumVisualStudioVersion = 10.0.40219.1
Project("{2150E333-8FDC-42A3-9474-1A3956D46DE8}") = "GuidedProject", "GuidedProject", "{1B138209-EC86-4F40-B0D4-303921BD43E3}"
EndProject
Project("{9A19103F-16F7-4668-BE54-9A1E7A4F7556}") = "Final", "GuidedProject\Final\Final.csproj", "{B1EC7006-3328-4FDF-BA5F-A713517FA3F2}"
EndProject
Project("{9A19103F-16F7-4668-BE54-9A1E7A4F7556}") = "Starter", "GuidedProject\Starter\Starter.csproj", "{D2994F6F-DCAA-404E-8065-7ECCA2811C43}"
EndProject
Global
	GlobalSection(SolutionConfigurationPlatforms) = preSolution
		Debug|Any CPU = Debug|Any CPU
		Release|Any CPU = Release|Any CPU
	EndGlobalSection
	GlobalSection(ProjectConfigurationPlatforms) = postSolution
		{B1EC7006-3328-4FDF-BA5F-A713517FA3F2}.Debug|Any CPU.ActiveCfg = Debug|Any CPU
		{B1EC7006-3328-4FDF-BA5F-A713517FA3F2}.Debug|Any CPU.Build.0 = Debug|Any CPU
		{B1EC7006-3328-4FDF-BA5F-A713517FA3F2}.Release|Any CPU.ActiveCfg = Release|Any CPU
		{B1EC7006-3328-4FDF-BA5F-A713517FA3F2}.Release|Any CPU.Build.0 = Release|Any CPU
		{D2994F6F-DCAA-404E-8065-7ECCA2811C43}.Debug|Any CPU.ActiveCfg = Debug|Any CPU
		{D2994F6F-DCAA-404E-8065-7ECCA2811C43}.Debug|Any CPU.Build.0 = Debug|Any CPU
		{D2994F6F-DCAA-404E-8065-7ECCA2811C43}.Release|Any CPU.ActiveCfg = Release|Any CPU
		{D2994F6F-DCAA-404E-8065-7ECCA2811C43}.Release|Any CPU.Build.0 = Release|Any CPU
	EndGlobalSection
	GlobalSection(SolutionProperties) = preSolution
		HideSolutionNode = FALSE
	EndGlobalSection
	GlobalSection(NestedProjects) = preSolution
		{B1EC7006-3328-4FDF-BA5F-A713517FA3F2} = {1B138209-EC86-4F40-B0D4-303921BD43E3}
		{D2994F6F-DCAA-404E-8065-7ECCA2811C43} = {1B138209-EC86-4F40-B0D4-303921BD43E3}
	EndGlobalSection
	GlobalSection(ExtensibilityGlobals) = postSolution
		SolutionGuid = {CA7CDB75-C021-433B-B35A-6F058718E186}
	EndGlobalSection
EndGlobal
