
Microsoft Visual Studio Solution File, Format Version 12.00
# Visual Studio Version 17
VisualStudioVersion = 17.5.002.0
MinimumVisualStudioVersion = 10.0.40219.1
Project("{9A19103F-16F7-4668-BE54-9A1E7A4F7556}") = "FizzBuzz", "FizzBuzz.csproj", "{8C88FBD8-6060-47A3-8BD8-561B1721F641}"
EndProject
Global
	GlobalSection(SolutionConfigurationPlatforms) = preSolution
		Debug|Any CPU = Debug|Any CPU
		Release|Any CPU = Release|Any CPU
	EndGlobalSection
	GlobalSection(ProjectConfigurationPlatforms) = postSolution
		{8C88FBD8-6060-47A3-8BD8-561B1721F641}.Debug|Any CPU.ActiveCfg = Debug|Any CPU
		{8C88FBD8-6060-47A3-8BD8-561B1721F641}.Debug|Any CPU.Build.0 = Debug|Any CPU
		{8C88FBD8-6060-47A3-8BD8-561B1721F641}.Release|Any CPU.ActiveCfg = Release|Any CPU
		{8C88FBD8-6060-47A3-8BD8-561B1721F641}.Release|Any CPU.Build.0 = Release|Any CPU
	EndGlobalSection
	GlobalSection(SolutionProperties) = preSolution
		HideSolutionNode = FALSE
	EndGlobalSection
	GlobalSection(ExtensibilityGlobals) = postSolution
		SolutionGuid = {90C54720-F5AE-4983-9FA6-01ECC97FDC51}
	EndGlobalSection
EndGlobal
